# This file is automatically @generated by Cargo.
# It is not intended for manual editing.
version = 4

[[package]]
name = "backend"
version = "0.1.0"
dependencies = [
 "kernel",
]

[[package]]
name = "kernel"
version = "0.1.0"

[[package]]
name = "llm"
version = "0.1.0"

[[package]]
name = "llm_rs"
version = "0.1.0"
dependencies = [
 "backend",
]

[[package]]
name = "model"
version = "0.1.0"
dependencies = [
 "backend",
 "tensor",
]

[[package]]
name = "tensor"
version = "0.1.0"
dependencies = [
 "backend",
]
